{
  "lockfileVersion": 1,
  "workspaces": {
    "": {
      "name": "@vpp-rag/mock-server",
      "dependencies": {
        "@hono/node-server": "^2.0.10",
        "hono": "^4.7.7",
      },
      "devDependencies": {
        "@types/node": "^22",
        "typescript": "^5",
      },
    },
  },
  "packages": {
    "@hono/node-server": ["@hono/node-server@2.0.10", "", { "peerDependencies": { "hono": "^4" } }, "sha512-ZcnNVhKTmyDJeg0UlnZjvM73JBsTAuhrH/J4fjwGOw59PwOW51r4J+p6CsKZWXdKSme4MFqU62CZMOsdDrU4CA=="],

    "@types/node": ["@types/node@22.20.1", "", { "dependencies": { "undici-types": "~6.21.0" } }, "sha512-EANqOCF9QFyra+4pfxUcX9STKJpCLjMbObVzljIJomAWSnuSIEAvyzEU53GaajbXJEgdh0iEcPL+DGvpUd4k1Q=="],

    "hono": ["hono@4.12.30", "", {}, "sha512-emn+JoJjrN9YTpRDS5it/UI2SO9BAE37T6I3d963RxcZ81G9A4pr2SZTEiiaiKbzx+NKRg5BZ89fCL7gCJCUog=="],

    "typescript": ["typescript@5.9.3", "", { "bin": { "tsc": "bin/tsc", "tsserver": "bin/tsserver" } }, "sha512-jl1vZzPDinLr9eUt3J/t7V6FgNEw9QjvBPdysz9KfQDD41fQrC2Y4vKQdiaUpFT4bXlb1RHhLpp8wtm6M5TgSw=="],

    "undici-types": ["undici-types@6.21.0", "", {}, "sha512-iwDZqg0QAGrg9Rav5H4n0M64c3mkR59cJ6wQp+7C4nI0gsmExaedaYLNO44eT4AtBBwjbTiGPMlt2Md0T9H9JQ=="],
  }
}
